
Microsoft Visual Studio Solution File, Format Version 12.00
# Visual Studio Version 16
VisualStudioVersion = 16.0.28803.202
MinimumVisualStudioVersion = 10.0.40219.1
Project("{FAE04EC0-301F-11D3-BF4B-00C04F79EFBC}") = "Graphics Test", "Graphics Test\Graphics Test.csproj", "{DD285D95-B5B9-4ED6-A406-5C2D1D3EFD06}"
EndProject
Global
	GlobalSection(SolutionConfigurationPlatforms) = preSolution
		Debug|Any CPU = Debug|Any CPU
		Release|Any CPU = Release|Any CPU
	EndGlobalSection
	GlobalSection(ProjectConfigurationPlatforms) = postSolution
		{DD285D95-B5B9-4ED6-A406-5C2D1D3EFD06}.Debug|Any CPU.ActiveCfg = Debug|Any CPU
		{DD285D95-B5B9-4ED6-A406-5C2D1D3EFD06}.Debug|Any CPU.Build.0 = Debug|Any CPU
		{DD285D95-B5B9-4ED6-A406-5C2D1D3EFD06}.Release|Any CPU.ActiveCfg = Release|Any CPU
		{DD285D95-B5B9-4ED6-A406-5C2D1D3EFD06}.Release|Any CPU.Build.0 = Release|Any CPU
	EndGlobalSection
	GlobalSection(SolutionProperties) = preSolution
		HideSolutionNode = FALSE
	EndGlobalSection
	GlobalSection(ExtensibilityGlobals) = postSolution
		SolutionGuid = {E69A24E7-8E4C-49BE-8B3A-34E1350A55F1}
	EndGlobalSection
EndGlobal
